
Microsoft Visual Studio Solution File, Format Version 12.00
# Visual Studio Version 16
VisualStudioVersion = 16.0.30717.126
MinimumVisualStudioVersion = 10.0.40219.1
Project("{FAE04EC0-301F-11D3-BF4B-00C04F79EFBC}") = "RyndychRD_Match3_test", "RyndychRD_Match3_test\RyndychRD_Match3_test.csproj", "{702BEBB4-A055-45DC-937C-CF5C0958CB0E}"
EndProject
Global
	GlobalSection(SolutionConfigurationPlatforms) = preSolution
		Debug|Any CPU = Debug|Any CPU
		Release|Any CPU = Release|Any CPU
	EndGlobalSection
	GlobalSection(ProjectConfigurationPlatforms) = postSolution
		{702BEBB4-A055-45DC-937C-CF5C0958CB0E}.Debug|Any CPU.ActiveCfg = Debug|Any CPU
		{702BEBB4-A055-45DC-937C-CF5C0958CB0E}.Debug|Any CPU.Build.0 = Debug|Any CPU
		{702BEBB4-A055-45DC-937C-CF5C0958CB0E}.Release|Any CPU.ActiveCfg = Release|Any CPU
		{702BEBB4-A055-45DC-937C-CF5C0958CB0E}.Release|Any CPU.Build.0 = Release|Any CPU
	EndGlobalSection
	GlobalSection(SolutionProperties) = preSolution
		HideSolutionNode = FALSE
	EndGlobalSection
	GlobalSection(ExtensibilityGlobals) = postSolution
		SolutionGuid = {62BC102F-40C7-4229-8351-6A05D2B3FAFC}
	EndGlobalSection
EndGlobal
